// !$*UTF8*$!
{
	archiveVersion = 1;
	classes = {
	};
	objectVersion = 51;
	objects = {

/* Begin PBXBuildFile section */
		37D7C83E2BBD460BBCA5E2E8 /* Pods_DeallocSample.framework in Frameworks */ = {isa = PBXBuildFile; fileRef = A112C2769CB14CDA2C1B5A43 /* Pods_DeallocSample.framework */; };
		A8983F1226601C8F00869046 /* AppDelegate.swift in Sources */ = {isa = PBXBuildFile; fileRef = A8983F1126601C8F00869046 /* AppDelegate.swift */; };
		A8983F1626601C8F00869046 /* ViewController.swift in Sources */ = {isa = PBXBuildFile; fileRef = A8983F1526601C8F00869046 /* ViewController.swift */; };
		A8983F1926601C8F00869046 /* Main.storyboard in Resources */ = {isa = PBXBuildFile; fileRef = A8983F1726601C8F00869046 /* Main.storyboard */; };
		A8983F1B26601C9000869046 /* Assets.xcassets in Resources */ = {isa = PBXBuildFile; fileRef = A8983F1A26601C9000869046 /* Assets.xcassets */; };
		A8983F1E26601C9000869046 /* LaunchScreen.storyboard in Resources */ = {isa = PBXBuildFile; fileRef = A8983F1C26601C9000869046 /* LaunchScreen.storyboard */; };
/* End PBXBuildFile section */

/* Begin PBXFileReference section */
		63759360DA323F1FAA61E4AA /* Pods-DeallocSample.debug.xcconfig */ = {isa = PBXFileReference; includeInIndex = 1; lastKnownFileType = text.xcconfig; name = "Pods-DeallocSample.debug.xcconfig"; path = "Target Support Files/Pods-DeallocSample/Pods-DeallocSample.debug.xcconfig"; sourceTree = "<group>"; };
		91FDB07488C78101AD6003F2 /* Pods-DeallocSample.release.xcconfig */ = {isa = PBXFileReference; includeInIndex = 1; lastKnownFileType = text.xcconfig; name = "Pods-DeallocSample.release.xcconfig"; path = "Target Support Files/Pods-DeallocSample/Pods-DeallocSample.release.xcconfig"; sourceTree = "<group>"; };
		A112C2769CB14CDA2C1B5A43 /* Pods_DeallocSample.framework */ = {isa = PBXFileReference; explicitFileType = wrapper.framework; includeInIndex = 0; path = Pods_DeallocSample.framework; sourceTree = BUILT_PRODUCTS_DIR; };
		A8983F0E26601C8F00869046 /* DeallocSample.app */ = {isa = PBXFileReference; explicitFileType = wrapper.application; includeInIndex = 0; path = DeallocSample.app; sourceTree = BUILT_PRODUCTS_DIR; };
		A8983F1126601C8F00869046 /* AppDelegate.swift */ = {isa = PBXFileReference; lastKnownFileType = sourcecode.swift; path = AppDelegate.swift; sourceTree = "<group>"; };
		A8983F1526601C8F00869046 /* ViewController.swift */ = {isa = PBXFileReference; lastKnownFileType = sourcecode.swift; path = ViewController.swift; sourceTree = "<group>"; };
		A8983F1826601C8F00869046 /* Base */ = {isa = PBXFileReference; lastKnownFileType = file.storyboard; name = Base; path = Base.lproj/Main.storyboard; sourceTree = "<group>"; };
		A8983F1A26601C9000869046 /* Assets.xcassets */ = {isa = PBXFileReference; lastKnownFileType = folder.assetcatalog; path = Assets.xcassets; sourceTree = "<group>"; };
		A8983F1D26601C9000869046 /* Base */ = {isa = PBXFileReference; lastKnownFileType = file.storyboard; name = Base; path = Base.lproj/LaunchScreen.storyboard; sourceTree = "<group>"; };
		A8983F1F26601C9000869046 /* Info.plist */ = {isa = PBXFileReference; lastKnownFileType = text.plist.xml; path = Info.plist; sourceTree = "<group>"; };
/* End PBXFileReference section */

/* Begin PBXFrameworksBuildPhase section */
		A8983F0B26601C8F00869046 /* Frameworks */ = {
			isa = PBXFrameworksBuildPhase;
			buildActionMask = 2147483647;
			files = (
				37D7C83E2BBD460BBCA5E2E8 /* Pods_DeallocSample.framework in Frameworks */,
			);
			runOnlyForDeploymentPostprocessing = 0;
		};
/* End PBXFrameworksBuildPhase section */

/* Begin PBXGroup section */
		5C4A73BE3266026DCF91ACE1 /* Pods */ = {
			isa = PBXGroup;
			children = (
				63759360DA323F1FAA61E4AA /* Pods-DeallocSample.debug.xcconfig */,
				91FDB07488C78101AD6003F2 /* Pods-DeallocSample.release.xcconfig */,
			);
			path = Pods;
			sourceTree = "<group>";
		};
		A8983F0526601C8F00869046 = {
			isa = PBXGroup;
			children = (
				A8983F1026601C8F00869046 /* DeallocSample */,
				A8983F0F26601C8F00869046 /* Products */,
				5C4A73BE3266026DCF91ACE1 /* Pods */,
				F8B90D1D97600C3EB36E06C7 /* Frameworks */,
			);
			sourceTree = "<group>";
		};
		A8983F0F26601C8F00869046 /* Products */ = {
			isa = PBXGroup;
			children = (
				A8983F0E26601C8F00869046 /* DeallocSample.app */,
			);
			name = Products;
			sourceTree = "<group>";
		};
		A8983F1026601C8F00869046 /* DeallocSample */ = {
			isa = PBXGroup;
			children = (
				A8983F1126601C8F00869046 /* AppDelegate.swift */,
				A8983F1526601C8F00869046 /* ViewController.swift */,
				A8983F1726601C8F00869046 /* Main.storyboard */,
				A8983F1A26601C9000869046 /* Assets.xcassets */,
				A8983F1C26601C9000869046 /* LaunchScreen.storyboard */,
				A8983F1F26601C9000869046 /* Info.plist */,
			);
			path = DeallocSample;
			sourceTree = "<group>";
		};
		F8B90D1D97600C3EB36E06C7 /* Frameworks */ = {
			isa = PBXGroup;
			children = (
				A112C2769CB14CDA2C1B5A43 /* Pods_DeallocSample.framework */,
			);
			name = Frameworks;
			sourceTree = "<group>";
		};
/* End PBXGroup section */

/* Begin PBXNativeTarget section */
		A8983F0D26601C8F00869046 /* DeallocSample */ = {
			isa = PBXNativeTarget;
			buildConfigurationList = A8983F2226601C9000869046 /* Build configuration list for PBXNativeTarget "DeallocSample" */;
			buildPhases = (
				655810BB1B9B01A1D19CEAE8 /* [CP] Check Pods Manifest.lock */,
				A8983F0A26601C8F00869046 /* Sources */,
				A8983F0B26601C8F00869046 /* Frameworks */,
				A8983F0C26601C8F00869046 /* Resources */,
				56F34299438A606EE44B4668 /* [CP] Embed Pods Frameworks */,
			);
			buildRules = (
			);
			dependencies = (
			);
			name = DeallocSample;
			productName = DeallocSample;
			productReference = A8983F0E26601C8F00869046 /* DeallocSample.app */;
			productType = "com.apple.product-type.application";
		};
/* End PBXNativeTarget section */

/* Begin PBXProject section */
		A8983F0626601C8F00869046 /* Project object */ = {
			isa = PBXProject;
			attributes = {
				LastSwiftUpdateCheck = 1240;
				LastUpgradeCheck = 1240;
				TargetAttributes = {
					A8983F0D26601C8F00869046 = {
						CreatedOnToolsVersion = 12.4;
					};
				};
			};
			buildConfigurationList = A8983F0926601C8F00869046 /* Build configuration list for PBXProject "DeallocSample" */;
			compatibilityVersion = "Xcode 9.3";
			developmentRegion = en;
			hasScannedForEncodings = 0;
			knownRegions = (
				en,
				Base,
			);
			mainGroup = A8983F0526601C8F00869046;
			productRefGroup = A8983F0F26601C8F00869046 /* Products */;
			projectDirPath = "";
			projectRoot = "";
			targets = (
				A8983F0D26601C8F00869046 /* DeallocSample */,
			);
		};
/* End PBXProject section */

/* Begin PBXResourcesBuildPhase section */
		A8983F0C26601C8F00869046 /* Resources */ = {
			isa = PBXResourcesBuildPhase;
			buildActionMask = 2147483647;
			files = (
				A8983F1E26601C9000869046 /* LaunchScreen.storyboard in Resources */,
				A8983F1B26601C9000869046 /* Assets.xcassets in Resources */,
				A8983F1926601C8F00869046 /* Main.storyboard in Resources */,
			);
			runOnlyForDeploymentPostprocessing = 0;
		};
/* End PBXResourcesBuildPhase section */

/* Begin PBXShellScriptBuildPhase section */
		56F34299438A606EE44B4668 /* [CP] Embed Pods Frameworks */ = {
			isa = PBXShellScriptBuildPhase;
			buildActionMask = 2147483647;
			files = (
			);
			inputFileListPaths = (
				"${PODS_ROOT}/Target Support Files/Pods-DeallocSample/Pods-DeallocSample-frameworks-${CONFIGURATION}-input-files.xcfilelist",
			);
			name = "[CP] Embed Pods Frameworks";
			outputFileListPaths = (
				"${PODS_ROOT}/Target Support Files/Pods-DeallocSample/Pods-DeallocSample-frameworks-${CONFIGURATION}-output-files.xcfilelist",
			);
			runOnlyForDeploymentPostprocessing = 0;
			shellPath = /bin/sh;
			shellScript = "\"${PODS_ROOT}/Target Support Files/Pods-DeallocSample/Pods-DeallocSample-frameworks.sh\"\n";
			showEnvVarsInLog = 0;
		};
		655810BB1B9B01A1D19CEAE8 /* [CP] Check Pods Manifest.lock */ = {
			isa = PBXShellScriptBuildPhase;
			buildActionMask = 2147483647;
			files = (
			);
			inputFileListPaths = (
			);
			inputPaths = (
				"${PODS_PODFILE_DIR_PATH}/Podfile.lock",
				"${PODS_ROOT}/Manifest.lock",
			);
			name = "[CP] Check Pods Manifest.lock";
			outputFileListPaths = (
			);
			outputPaths = (
				"$(DERIVED_FILE_DIR)/Pods-DeallocSample-checkManifestLockResult.txt",
			);
			runOnlyForDeploymentPostprocessing = 0;
			shellPath = /bin/sh;
			shellScript = "diff \"${PODS_PODFILE_DIR_PATH}/Podfile.lock\" \"${PODS_ROOT}/Manifest.lock\" > /dev/null\nif [ $? != 0 ] ; then\n    # print error to STDERR\n    echo \"error: The sandbox is not in sync with the Podfile.lock. Run 'pod install' or update your CocoaPods installation.\" >&2\n    exit 1\nfi\n# This output is used by Xcode 'outputs' to avoid re-running this script phase.\necho \"SUCCESS\" > \"${SCRIPT_OUTPUT_FILE_0}\"\n";
			showEnvVarsInLog = 0;
		};
/* End PBXShellScriptBuildPhase section */

/* Begin PBXSourcesBuildPhase section */
		A8983F0A26601C8F00869046 /* Sources */ = {
			isa = PBXSourcesBuildPhase;
			buildActionMask = 2147483647;
			files = (
				A8983F1626601C8F00869046 /* ViewController.swift in Sources */,
				A8983F1226601C8F00869046 /* AppDelegate.swift in Sources */,
			);
			runOnlyForDeploymentPostprocessing = 0;
		};
/* End PBXSourcesBuildPhase section */

/* Begin PBXVariantGroup section */
		A8983F1726601C8F00869046 /* Main.storyboard */ = {
			isa = PBXVariantGroup;
			children = (
				A8983F1826601C8F00869046 /* Base */,
			);
			name = Main.storyboard;
			sourceTree = "<group>";
		};
		A8983F1C26601C9000869046 /* LaunchScreen.storyboard */ = {
			isa = PBXVariantGroup;
			children = (
				A8983F1D26601C9000869046 /* Base */,
			);
			name = LaunchScreen.storyboard;
			sourceTree = "<group>";
		};
/* End PBXVariantGroup section */

/* Begin XCBuildConfiguration section */
		A8983F2026601C9000869046 /* Debug */ = {
			isa = XCBuildConfiguration;
			buildSettings = {
				ALWAYS_SEARCH_USER_PATHS = NO;
				CLANG_ANALYZER_NONNULL = YES;
				CLANG_ANALYZER_NUMBER_OBJECT_CONVERSION = YES_AGGRESSIVE;
				CLANG_CXX_LANGUAGE_STANDARD = "gnu++14";
				CLANG_CXX_LIBRARY = "libc++";
				CLANG_ENABLE_MODULES = YES;
				CLANG_ENABLE_OBJC_ARC = YES;
				CLANG_ENABLE_OBJC_WEAK = YES;
				CLANG_WARN_BLOCK_CAPTURE_AUTORELEASING = YES;
				CLANG_WARN_BOOL_CONVERSION = YES;
				CLANG_WARN_COMMA = YES;
				CLANG_WARN_CONSTANT_CONVERSION = YES;
				CLANG_WARN_DEPRECATED_OBJC_IMPLEMENTATIONS = YES;
				CLANG_WARN_DIRECT_OBJC_ISA_USAGE = YES_ERROR;
				CLANG_WARN_DOCUMENTATION_COMMENTS = YES;
				CLANG_WARN_EMPTY_BODY = YES;
				CLANG_WARN_ENUM_CONVERSION = YES;
				CLANG_WARN_INFINITE_RECURSION = YES;
				CLANG_WARN_INT_CONVERSION = YES;
				CLANG_WARN_NON_LITERAL_NULL_CONVERSION = YES;
				CLANG_WARN_OBJC_IMPLICIT_RETAIN_SELF = YES;
				CLANG_WARN_OBJC_LITERAL_CONVERSION = YES;
				CLANG_WARN_OBJC_ROOT_CLASS = YES_ERROR;
				CLANG_WARN_QUOTED_INCLUDE_IN_FRAMEWORK_HEADER = YES;
				CLANG_WARN_RANGE_LOOP_ANALYSIS = YES;
				CLANG_WARN_STRICT_PROTOTYPES = YES;
				CLANG_WARN_SUSPICIOUS_MOVE = YES;
				CLANG_WARN_UNGUARDED_AVAILABILITY = YES_AGGRESSIVE;
				CLANG_WARN_UNREACHABLE_CODE = YES;
				CLANG_WARN__DUPLICATE_METHOD_MATCH = YES;
				COPY_PHASE_STRIP = NO;
				DEBUG_INFORMATION_FORMAT = dwarf;
				ENABLE_STRICT_OBJC_MSGSEND = YES;
				ENABLE_TESTABILITY = YES;
				GCC_C_LANGUAGE_STANDARD = gnu11;
				GCC_DYNAMIC_NO_PIC = NO;
				GCC_NO_COMMON_BLOCKS = YES;
				GCC_OPTIMIZATION_LEVEL = 0;
				GCC_PREPROCESSOR_DEFINITIONS = (
					"DEBUG=1",
					"$(inherited)",
				);
				GCC_WARN_64_TO_32_BIT_CONVERSION = YES;
				GCC_WARN_ABOUT_RETURN_TYPE = YES_ERROR;
				GCC_WARN_UNDECLARED_SELECTOR = YES;
				GCC_WARN_UNINITIALIZED_AUTOS = YES_AGGRESSIVE;
				GCC_WARN_UNUSED_FUNCTION = YES;
				GCC_WARN_UNUSED_VARIABLE = YES;
				IPHONEOS_DEPLOYMENT_TARGET = 14.4;
				MTL_ENABLE_DEBUG_INFO = INCLUDE_SOURCE;
				MTL_FAST_MATH = YES;
				ONLY_ACTIVE_ARCH = YES;
				SDKROOT = iphoneos;
				SWIFT_ACTIVE_COMPILATION_CONDITIONS = DEBUG;
				SWIFT_OPTIMIZATION_LEVEL = "-Onone";
			};
			name = Debug;
		};
		A8983F2126601C9000869046 /* Release */ = {
			isa = XCBuildConfiguration;
			buildSettings = {
				ALWAYS_SEARCH_USER_PATHS = NO;
				CLANG_ANALYZER_NONNULL = YES;
				CLANG_ANALYZER_NUMBER_OBJECT_CONVERSION = YES_AGGRESSIVE;
				CLANG_CXX_LANGUAGE_STANDARD = "gnu++14";
				CLANG_CXX_LIBRARY = "libc++";
				CLANG_ENABLE_MODULES = YES;
				CLANG_ENABLE_OBJC_ARC = YES;
				CLANG_ENABLE_OBJC_WEAK = YES;
				CLANG_WARN_BLOCK_CAPTURE_AUTORELEASING = YES;
				CLANG_WARN_BOOL_CONVERSION = YES;
				CLANG_WARN_COMMA = YES;
				CLANG_WARN_CONSTANT_CONVERSION = YES;
				CLANG_WARN_DEPRECATED_OBJC_IMPLEMENTATIONS = YES;
				CLANG_WARN_DIRECT_OBJC_ISA_USAGE = YES_ERROR;
				CLANG_WARN_DOCUMENTATION_COMMENTS = YES;
				CLANG_WARN_EMPTY_BODY = YES;
				CLANG_WARN_ENUM_CONVERSION = YES;
				CLANG_WARN_INFINITE_RECURSION = YES;
				CLANG_WARN_INT_CONVERSION = YES;
				CLANG_WARN_NON_LITERAL_NULL_CONVERSION = YES;
				CLANG_WARN_OBJC_IMPLICIT_RETAIN_SELF = YES;
				CLANG_WARN_OBJC_LITERAL_CONVERSION = YES;
				CLANG_WARN_OBJC_ROOT_CLASS = YES_ERROR;
				CLANG_WARN_QUOTED_INCLUDE_IN_FRAMEWORK_HEADER = YES;
				CLANG_WARN_RANGE_LOOP_ANALYSIS = YES;
				CLANG_WARN_STRICT_PROTOTYPES = YES;
				CLANG_WARN_SUSPICIOUS_MOVE = YES;
				CLANG_WARN_UNGUARDED_AVAILABILITY = YES_AGGRESSIVE;
				CLANG_WARN_UNREACHABLE_CODE = YES;
				CLANG_WARN__DUPLICATE_METHOD_MATCH = YES;
				COPY_PHASE_STRIP = NO;
				DEBUG_INFORMATION_FORMAT = "dwarf-with-dsym";
				ENABLE_NS_ASSERTIONS = NO;
				ENABLE_STRICT_OBJC_MSGSEND = YES;
				GCC_C_LANGUAGE_STANDARD = gnu11;
				GCC_NO_COMMON_BLOCKS = YES;
				GCC_WARN_64_TO_32_BIT_CONVERSION = YES;
				GCC_WARN_ABOUT_RETURN_TYPE = YES_ERROR;
				GCC_WARN_UNDECLARED_SELECTOR = YES;
				GCC_WARN_UNINITIALIZED_AUTOS = YES_AGGRESSIVE;
				GCC_WARN_UNUSED_FUNCTION = YES;
				GCC_WARN_UNUSED_VARIABLE = YES;
				IPHONEOS_DEPLOYMENT_TARGET = 14.4;
				MTL_ENABLE_DEBUG_INFO = NO;
				MTL_FAST_MATH = YES;
				SDKROOT = iphoneos;
				SWIFT_COMPILATION_MODE = wholemodule;
				SWIFT_OPTIMIZATION_LEVEL = "-O";
				VALIDATE_PRODUCT = YES;
			};
			name = Release;
		};
		A8983F2326601C9000869046 /* Debug */ = {
			isa = XCBuildConfiguration;
			baseConfigurationReference = 63759360DA323F1FAA61E4AA /* Pods-DeallocSample.debug.xcconfig */;
			buildSettings = {
				ASSETCATALOG_COMPILER_APPICON_NAME = AppIcon;
				ASSETCATALOG_COMPILER_GLOBAL_ACCENT_COLOR_NAME = AccentColor;
				CODE_SIGN_STYLE = Automatic;
				INFOPLIST_FILE = DeallocSample/Info.plist;
				LD_RUNPATH_SEARCH_PATHS = (
					"$(inherited)",
					"@executable_path/Frameworks",
				);
				PRODUCT_BUNDLE_IDENTIFIER = com.foo.DeallocSample;
				PRODUCT_NAME = "$(TARGET_NAME)";
				SWIFT_VERSION = 5.0;
				TARGETED_DEVICE_FAMILY = "1,2";
			};
			name = Debug;
		};
		A8983F2426601C9000869046 /* Release */ = {
			isa = XCBuildConfiguration;
			baseConfigurationReference = 91FDB07488C78101AD6003F2 /* Pods-DeallocSample.release.xcconfig */;
			buildSettings = {
				ASSETCATALOG_COMPILER_APPICON_NAME = AppIcon;
				ASSETCATALOG_COMPILER_GLOBAL_ACCENT_COLOR_NAME = AccentColor;
				CODE_SIGN_STYLE = Automatic;
				INFOPLIST_FILE = DeallocSample/Info.plist;
				LD_RUNPATH_SEARCH_PATHS = (
					"$(inherited)",
					"@executable_path/Frameworks",
				);
				PRODUCT_BUNDLE_IDENTIFIER = com.foo.DeallocSample;
				PRODUCT_NAME = "$(TARGET_NAME)";
				SWIFT_VERSION = 5.0;
				TARGETED_DEVICE_FAMILY = "1,2";
			};
			name = Release;
		};
/* End XCBuildConfiguration section */

/* Begin XCConfigurationList section */
		A8983F0926601C8F00869046 /* Build configuration list for PBXProject "DeallocSample" */ = {
			isa = XCConfigurationList;
			buildConfigurations = (
				A8983F2026601C9000869046 /* Debug */,
				A8983F2126601C9000869046 /* Release */,
			);
			defaultConfigurationIsVisible = 0;
			defaultConfigurationName = Release;
		};
		A8983F2226601C9000869046 /* Build configuration list for PBXNativeTarget "DeallocSample" */ = {
			isa = XCConfigurationList;
			buildConfigurations = (
				A8983F2326601C9000869046 /* Debug */,
				A8983F2426601C9000869046 /* Release */,
			);
			defaultConfigurationIsVisible = 0;
			defaultConfigurationName = Release;
		};
/* End XCConfigurationList section */
	};
	rootObject = A8983F0626601C8F00869046 /* Project object */;
}
